
Microsoft Visual Studio Solution File, Format Version 12.00
Project("{2150E333-8FDC-42A3-9474-1A3956D46DE8}") = "Lor.TelegramBotApp", "Lor.TelegramBotApp", "{57B9C19C-771B-4896-9A9C-9145B761E497}"
EndProject
Project("{2150E333-8FDC-42A3-9474-1A3956D46DE8}") = "Lor.DatabaseApp", "Lor.DatabaseApp", "{3E36A9F0-EEF9-48E1-B82C-F4A2629BD1E0}"
EndProject
Project("{2150E333-8FDC-42A3-9474-1A3956D46DE8}") = "Lor.GroupScheduleApp", "Lor.GroupScheduleApp", "{D125DBFC-4991-45C9-ACFB-39DB4746B421}"
EndProject
Project("{2150E333-8FDC-42A3-9474-1A3956D46DE8}") = "Core", "Core", "{2FF3A2CE-3E30-4A09-86D5-6D18FB9DB914}"
EndProject
Project("{2150E333-8FDC-42A3-9474-1A3956D46DE8}") = "Core", "Core", "{7DC6CCB9-7F04-4C84-B7B8-5B7E252862DA}"
EndProject
Project("{2150E333-8FDC-42A3-9474-1A3956D46DE8}") = "Presentation", "Presentation", "{926C457E-0725-4F6B-AEFE-D9FC16D92361}"
EndProject
Project("{2150E333-8FDC-42A3-9474-1A3956D46DE8}") = "Infrastructure", "Infrastructure", "{80A8D05F-CE35-4401-92D4-9944A639DB66}"
EndProject
Project("{FAE04EC0-301F-11D3-BF4B-00C04F79EFBC}") = "GroupScheduleApp.HtmlParser", "Lor.GroupScheduleApp\Infrastructure\GroupScheduleApp.HtmlParser\GroupScheduleApp.HtmlParser.csproj", "{C3D4568A-A822-4003-BD64-A01BC16F69F9}"
EndProject
Project("{2150E333-8FDC-42A3-9474-1A3956D46DE8}") = "Presentation", "Presentation", "{91A60591-9F50-4AA2-B586-E385180CA67D}"
EndProject
Project("{FAE04EC0-301F-11D3-BF4B-00C04F79EFBC}") = "TelegramBotApp.Api", "Lor.TelegramBotApp\Presentation\TelegramBotApp.Api\TelegramBotApp.Api.csproj", "{BDC28159-64E5-4C49-A87D-76824FB94290}"
EndProject
Project("{FAE04EC0-301F-11D3-BF4B-00C04F79EFBC}") = "TelegramBotApp.Application", "Lor.TelegramBotApp\Core\TelegramBotApp.Application\TelegramBotApp.Application.csproj", "{7EDC7718-B555-488F-80BA-6F8D0F46472D}"
EndProject
Project("{2150E333-8FDC-42A3-9474-1A3956D46DE8}") = "Infrastructure", "Infrastructure", "{268D70AF-65B1-48A5-B197-5E645D6BF7DC}"
EndProject
Project("{FAE04EC0-301F-11D3-BF4B-00C04F79EFBC}") = "TelegramBotApp.AppCommunication", "Lor.TelegramBotApp\Infrastructure\TelegramBotApp.AppCommunication\TelegramBotApp.AppCommunication.csproj", "{E86D3CA7-D080-422D-A8AF-545436F41B6F}"
EndProject
Project("{FAE04EC0-301F-11D3-BF4B-00C04F79EFBC}") = "TelegramBotApp.Caching", "Lor.TelegramBotApp\Infrastructure\TelegramBotApp.Caching\TelegramBotApp.Caching.csproj", "{82441B7C-6629-4D1A-B97B-73FEEB7BCCBE}"
EndProject
Project("{2150E333-8FDC-42A3-9474-1A3956D46DE8}") = "Infrastructure", "Infrastructure", "{08D73883-B6F1-480F-8080-0BE81C99ABF9}"
EndProject
Project("{2150E333-8FDC-42A3-9474-1A3956D46DE8}") = "Presentation", "Presentation", "{A1C65BC2-ABE8-474A-854D-D3CE3C9FEE85}"
EndProject
Project("{FAE04EC0-301F-11D3-BF4B-00C04F79EFBC}") = "DatabaseApp.WebApi", "Lor.DatabaseApp\Presentation\DatabaseApp.WebApi\DatabaseApp.WebApi.csproj", "{B0CBD512-4264-4D39-867C-F48FC9F84982}"
EndProject
Project("{FAE04EC0-301F-11D3-BF4B-00C04F79EFBC}") = "DatabaseApp.AppCommunication", "Lor.DatabaseApp\Infrastructure\DatabaseApp.AppCommunication\DatabaseApp.AppCommunication.csproj", "{E31B0FEA-19FF-45D8-B232-2E21D63B28E9}"
EndProject
Project("{2150E333-8FDC-42A3-9474-1A3956D46DE8}") = "Core", "Core", "{34A991D3-E337-4AF7-9719-2DBEBF714B9A}"
EndProject
Project("{FAE04EC0-301F-11D3-BF4B-00C04F79EFBC}") = "DatabaseApp.Application", "Lor.DatabaseApp\Core\DatabaseApp.Application\DatabaseApp.Application.csproj", "{D9236D08-40D0-49A1-B2E0-63EB80A6C0B5}"
EndProject
Global
	GlobalSection(SolutionConfigurationPlatforms) = preSolution
		Debug|Any CPU = Debug|Any CPU
		Release|Any CPU = Release|Any CPU
	EndGlobalSection
	GlobalSection(NestedProjects) = preSolution
		{2FF3A2CE-3E30-4A09-86D5-6D18FB9DB914} = {57B9C19C-771B-4896-9A9C-9145B761E497}
		{7DC6CCB9-7F04-4C84-B7B8-5B7E252862DA} = {D125DBFC-4991-45C9-ACFB-39DB4746B421}
		{926C457E-0725-4F6B-AEFE-D9FC16D92361} = {D125DBFC-4991-45C9-ACFB-39DB4746B421}
		{80A8D05F-CE35-4401-92D4-9944A639DB66} = {D125DBFC-4991-45C9-ACFB-39DB4746B421}
		{C3D4568A-A822-4003-BD64-A01BC16F69F9} = {80A8D05F-CE35-4401-92D4-9944A639DB66}
		{91A60591-9F50-4AA2-B586-E385180CA67D} = {57B9C19C-771B-4896-9A9C-9145B761E497}
		{BDC28159-64E5-4C49-A87D-76824FB94290} = {91A60591-9F50-4AA2-B586-E385180CA67D}
		{7EDC7718-B555-488F-80BA-6F8D0F46472D} = {2FF3A2CE-3E30-4A09-86D5-6D18FB9DB914}
		{268D70AF-65B1-48A5-B197-5E645D6BF7DC} = {57B9C19C-771B-4896-9A9C-9145B761E497}
		{E86D3CA7-D080-422D-A8AF-545436F41B6F} = {268D70AF-65B1-48A5-B197-5E645D6BF7DC}
		{82441B7C-6629-4D1A-B97B-73FEEB7BCCBE} = {268D70AF-65B1-48A5-B197-5E645D6BF7DC}
		{08D73883-B6F1-480F-8080-0BE81C99ABF9} = {3E36A9F0-EEF9-48E1-B82C-F4A2629BD1E0}
		{A1C65BC2-ABE8-474A-854D-D3CE3C9FEE85} = {3E36A9F0-EEF9-48E1-B82C-F4A2629BD1E0}
		{B0CBD512-4264-4D39-867C-F48FC9F84982} = {A1C65BC2-ABE8-474A-854D-D3CE3C9FEE85}
		{E31B0FEA-19FF-45D8-B232-2E21D63B28E9} = {08D73883-B6F1-480F-8080-0BE81C99ABF9}
		{34A991D3-E337-4AF7-9719-2DBEBF714B9A} = {3E36A9F0-EEF9-48E1-B82C-F4A2629BD1E0}
		{D9236D08-40D0-49A1-B2E0-63EB80A6C0B5} = {34A991D3-E337-4AF7-9719-2DBEBF714B9A}
	EndGlobalSection
	GlobalSection(ProjectConfigurationPlatforms) = postSolution
		{C3D4568A-A822-4003-BD64-A01BC16F69F9}.Debug|Any CPU.ActiveCfg = Debug|Any CPU
		{C3D4568A-A822-4003-BD64-A01BC16F69F9}.Debug|Any CPU.Build.0 = Debug|Any CPU
		{C3D4568A-A822-4003-BD64-A01BC16F69F9}.Release|Any CPU.ActiveCfg = Release|Any CPU
		{C3D4568A-A822-4003-BD64-A01BC16F69F9}.Release|Any CPU.Build.0 = Release|Any CPU
		{BDC28159-64E5-4C49-A87D-76824FB94290}.Debug|Any CPU.ActiveCfg = Debug|Any CPU
		{BDC28159-64E5-4C49-A87D-76824FB94290}.Debug|Any CPU.Build.0 = Debug|Any CPU
		{BDC28159-64E5-4C49-A87D-76824FB94290}.Release|Any CPU.ActiveCfg = Release|Any CPU
		{BDC28159-64E5-4C49-A87D-76824FB94290}.Release|Any CPU.Build.0 = Release|Any CPU
		{7EDC7718-B555-488F-80BA-6F8D0F46472D}.Debug|Any CPU.ActiveCfg = Debug|Any CPU
		{7EDC7718-B555-488F-80BA-6F8D0F46472D}.Debug|Any CPU.Build.0 = Debug|Any CPU
		{7EDC7718-B555-488F-80BA-6F8D0F46472D}.Release|Any CPU.ActiveCfg = Release|Any CPU
		{7EDC7718-B555-488F-80BA-6F8D0F46472D}.Release|Any CPU.Build.0 = Release|Any CPU
		{E86D3CA7-D080-422D-A8AF-545436F41B6F}.Debug|Any CPU.ActiveCfg = Debug|Any CPU
		{E86D3CA7-D080-422D-A8AF-545436F41B6F}.Debug|Any CPU.Build.0 = Debug|Any CPU
		{E86D3CA7-D080-422D-A8AF-545436F41B6F}.Release|Any CPU.ActiveCfg = Release|Any CPU
		{E86D3CA7-D080-422D-A8AF-545436F41B6F}.Release|Any CPU.Build.0 = Release|Any CPU
		{82441B7C-6629-4D1A-B97B-73FEEB7BCCBE}.Debug|Any CPU.ActiveCfg = Debug|Any CPU
		{82441B7C-6629-4D1A-B97B-73FEEB7BCCBE}.Debug|Any CPU.Build.0 = Debug|Any CPU
		{82441B7C-6629-4D1A-B97B-73FEEB7BCCBE}.Release|Any CPU.ActiveCfg = Release|Any CPU
		{82441B7C-6629-4D1A-B97B-73FEEB7BCCBE}.Release|Any CPU.Build.0 = Release|Any CPU
		{B0CBD512-4264-4D39-867C-F48FC9F84982}.Debug|Any CPU.ActiveCfg = Debug|Any CPU
		{B0CBD512-4264-4D39-867C-F48FC9F84982}.Debug|Any CPU.Build.0 = Debug|Any CPU
		{B0CBD512-4264-4D39-867C-F48FC9F84982}.Release|Any CPU.ActiveCfg = Release|Any CPU
		{B0CBD512-4264-4D39-867C-F48FC9F84982}.Release|Any CPU.Build.0 = Release|Any CPU
		{E31B0FEA-19FF-45D8-B232-2E21D63B28E9}.Debug|Any CPU.ActiveCfg = Debug|Any CPU
		{E31B0FEA-19FF-45D8-B232-2E21D63B28E9}.Debug|Any CPU.Build.0 = Debug|Any CPU
		{E31B0FEA-19FF-45D8-B232-2E21D63B28E9}.Release|Any CPU.ActiveCfg = Release|Any CPU
		{E31B0FEA-19FF-45D8-B232-2E21D63B28E9}.Release|Any CPU.Build.0 = Release|Any CPU
		{D9236D08-40D0-49A1-B2E0-63EB80A6C0B5}.Debug|Any CPU.ActiveCfg = Debug|Any CPU
		{D9236D08-40D0-49A1-B2E0-63EB80A6C0B5}.Debug|Any CPU.Build.0 = Debug|Any CPU
		{D9236D08-40D0-49A1-B2E0-63EB80A6C0B5}.Release|Any CPU.ActiveCfg = Release|Any CPU
		{D9236D08-40D0-49A1-B2E0-63EB80A6C0B5}.Release|Any CPU.Build.0 = Release|Any CPU
	EndGlobalSection
EndGlobal
